# This file is automatically @generated by Cargo.
# It is not intended for manual editing.
version = 4

[[package]]
name = "ai-core"
version = "0.1.0"

[[package]]
name = "chat-domain"
version = "0.1.0"

[[package]]
name = "persistence"
version = "0.1.0"

[[package]]
name = "server"
version = "0.1.0"

[[package]]
name = "shared"
version = "0.1.0"

[[package]]
name = "telemetry"
version = "0.1.0"

[[package]]
name = "ui"
version = "0.1.0"
